// !$*UTF8*$!
{
	archiveVersion = 1;
	classes = {
	};
	objectVersion = 50;
	objects = {

/* Begin PBXBuildFile section */
		D4D51E6A21EF3D5C00F934F9 /* AppDelegate.swift in Sources */ = {isa = PBXBuildFile; fileRef = D4D51E6921EF3D5C00F934F9 /* AppDelegate.swift */; };
		D4D51E7121EF3D5F00F934F9 /* Assets.xcassets in Resources */ = {isa = PBXBuildFile; fileRef = D4D51E7021EF3D5F00F934F9 /* Assets.xcassets */; };
		D4D51E7421EF3D5F00F934F9 /* LaunchScreen.storyboard in Resources */ = {isa = PBXBuildFile; fileRef = D4D51E7221EF3D5F00F934F9 /* LaunchScreen.storyboard */; };
		D4D51E7F21EF3D5F00F934F9 /* CurrencyAppTests.swift in Sources */ = {isa = PBXBuildFile; fileRef = D4D51E7E21EF3D5F00F934F9 /* CurrencyAppTests.swift */; };
		D4D51E8F21EF413700F934F9 /* BPI.swift in Sources */ = {isa = PBXBuildFile; fileRef = D4D51E8E21EF413700F934F9 /* BPI.swift */; };
		D4D51E9121EF503C00F934F9 /* Currency.swift in Sources */ = {isa = PBXBuildFile; fileRef = D4D51E9021EF503C00F934F9 /* Currency.swift */; };
		D4D51E9421EF715500F934F9 /* ModelTests.swift in Sources */ = {isa = PBXBuildFile; fileRef = D4D51E9321EF715500F934F9 /* ModelTests.swift */; };
		D4D51E9721EF77E200F934F9 /* Date+Utils.swift in Sources */ = {isa = PBXBuildFile; fileRef = D4D51E9621EF77E200F934F9 /* Date+Utils.swift */; };
		D4D51E9921EF7D6600F934F9 /* Application.swift in Sources */ = {isa = PBXBuildFile; fileRef = D4D51E9821EF7D6600F934F9 /* Application.swift */; };
		D4D51E9E21EF7D9800F934F9 /* MainViewController.swift in Sources */ = {isa = PBXBuildFile; fileRef = D4D51E9C21EF7D9800F934F9 /* MainViewController.swift */; };
		D4D51E9F21EF7D9800F934F9 /* MainViewController.xib in Resources */ = {isa = PBXBuildFile; fileRef = D4D51E9D21EF7D9800F934F9 /* MainViewController.xib */; };
		D4D51EA121EF7E4D00F934F9 /* MainPresenter.swift in Sources */ = {isa = PBXBuildFile; fileRef = D4D51EA021EF7E4D00F934F9 /* MainPresenter.swift */; };
		D4D51EA321EF817F00F934F9 /* MainWorker.swift in Sources */ = {isa = PBXBuildFile; fileRef = D4D51EA221EF817F00F934F9 /* MainWorker.swift */; };
		D4D51EA821EF828A00F934F9 /* CurrencyMockStore.swift in Sources */ = {isa = PBXBuildFile; fileRef = D4D51EA721EF828A00F934F9 /* CurrencyMockStore.swift */; };
		D4D51EAA21EF82B400F934F9 /* CurrencyStoreProtocol.swift in Sources */ = {isa = PBXBuildFile; fileRef = D4D51EA921EF82B400F934F9 /* CurrencyStoreProtocol.swift */; };
		D4D51EAF21EF868900F934F9 /* MainModels.swift in Sources */ = {isa = PBXBuildFile; fileRef = D4D51EAE21EF868900F934F9 /* MainModels.swift */; };
		D4D51EB221EF8BF600F934F9 /* MainDisplayedRateTableViewCell.swift in Sources */ = {isa = PBXBuildFile; fileRef = D4D51EB021EF8BF600F934F9 /* MainDisplayedRateTableViewCell.swift */; };
		D4D51EB321EF8BF600F934F9 /* MainDisplayedRateTableViewCell.xib in Resources */ = {isa = PBXBuildFile; fileRef = D4D51EB121EF8BF600F934F9 /* MainDisplayedRateTableViewCell.xib */; };
/* End PBXBuildFile section */

/* Begin PBXContainerItemProxy section */
		D4D51E7B21EF3D5F00F934F9 /* PBXContainerItemProxy */ = {
			isa = PBXContainerItemProxy;
			containerPortal = D4D51E5E21EF3D5C00F934F9 /* Project object */;
			proxyType = 1;
			remoteGlobalIDString = D4D51E6521EF3D5C00F934F9;
			remoteInfo = CurrencyApp;
		};
/* End PBXContainerItemProxy section */

/* Begin PBXFileReference section */
		D4D51E6621EF3D5C00F934F9 /* CurrencyApp.app */ = {isa = PBXFileReference; explicitFileType = wrapper.application; includeInIndex = 0; path = CurrencyApp.app; sourceTree = BUILT_PRODUCTS_DIR; };
		D4D51E6921EF3D5C00F934F9 /* AppDelegate.swift */ = {isa = PBXFileReference; lastKnownFileType = sourcecode.swift; path = AppDelegate.swift; sourceTree = "<group>"; };
		D4D51E7021EF3D5F00F934F9 /* Assets.xcassets */ = {isa = PBXFileReference; lastKnownFileType = folder.assetcatalog; path = Assets.xcassets; sourceTree = "<group>"; };
		D4D51E7321EF3D5F00F934F9 /* Base */ = {isa = PBXFileReference; lastKnownFileType = file.storyboard; name = Base; path = Base.lproj/LaunchScreen.storyboard; sourceTree = "<group>"; };
		D4D51E7521EF3D5F00F934F9 /* Info.plist */ = {isa = PBXFileReference; lastKnownFileType = text.plist.xml; path = Info.plist; sourceTree = "<group>"; };
		D4D51E7A21EF3D5F00F934F9 /* CurrencyAppTests.xctest */ = {isa = PBXFileReference; explicitFileType = wrapper.cfbundle; includeInIndex = 0; path = CurrencyAppTests.xctest; sourceTree = BUILT_PRODUCTS_DIR; };
		D4D51E7E21EF3D5F00F934F9 /* CurrencyAppTests.swift */ = {isa = PBXFileReference; lastKnownFileType = sourcecode.swift; path = CurrencyAppTests.swift; sourceTree = "<group>"; };
		D4D51E8021EF3D5F00F934F9 /* Info.plist */ = {isa = PBXFileReference; lastKnownFileType = text.plist.xml; path = Info.plist; sourceTree = "<group>"; };
		D4D51E8E21EF413700F934F9 /* BPI.swift */ = {isa = PBXFileReference; lastKnownFileType = sourcecode.swift; path = BPI.swift; sourceTree = "<group>"; };
		D4D51E9021EF503C00F934F9 /* Currency.swift */ = {isa = PBXFileReference; lastKnownFileType = sourcecode.swift; path = Currency.swift; sourceTree = "<group>"; };
		D4D51E9321EF715500F934F9 /* ModelTests.swift */ = {isa = PBXFileReference; lastKnownFileType = sourcecode.swift; path = ModelTests.swift; sourceTree = "<group>"; };
		D4D51E9621EF77E200F934F9 /* Date+Utils.swift */ = {isa = PBXFileReference; lastKnownFileType = sourcecode.swift; path = "Date+Utils.swift"; sourceTree = "<group>"; };
		D4D51E9821EF7D6600F934F9 /* Application.swift */ = {isa = PBXFileReference; lastKnownFileType = sourcecode.swift; path = Application.swift; sourceTree = "<group>"; };
		D4D51E9C21EF7D9800F934F9 /* MainViewController.swift */ = {isa = PBXFileReference; lastKnownFileType = sourcecode.swift; path = MainViewController.swift; sourceTree = "<group>"; };
		D4D51E9D21EF7D9800F934F9 /* MainViewController.xib */ = {isa = PBXFileReference; lastKnownFileType = file.xib; path = MainViewController.xib; sourceTree = "<group>"; };
		D4D51EA021EF7E4D00F934F9 /* MainPresenter.swift */ = {isa = PBXFileReference; lastKnownFileType = sourcecode.swift; path = MainPresenter.swift; sourceTree = "<group>"; };
		D4D51EA221EF817F00F934F9 /* MainWorker.swift */ = {isa = PBXFileReference; lastKnownFileType = sourcecode.swift; path = MainWorker.swift; sourceTree = "<group>"; };
		D4D51EA721EF828A00F934F9 /* CurrencyMockStore.swift */ = {isa = PBXFileReference; lastKnownFileType = sourcecode.swift; path = CurrencyMockStore.swift; sourceTree = "<group>"; };
		D4D51EA921EF82B400F934F9 /* CurrencyStoreProtocol.swift */ = {isa = PBXFileReference; lastKnownFileType = sourcecode.swift; path = CurrencyStoreProtocol.swift; sourceTree = "<group>"; };
		D4D51EAE21EF868900F934F9 /* MainModels.swift */ = {isa = PBXFileReference; lastKnownFileType = sourcecode.swift; path = MainModels.swift; sourceTree = "<group>"; };
		D4D51EB021EF8BF600F934F9 /* MainDisplayedRateTableViewCell.swift */ = {isa = PBXFileReference; lastKnownFileType = sourcecode.swift; path = MainDisplayedRateTableViewCell.swift; sourceTree = "<group>"; };
		D4D51EB121EF8BF600F934F9 /* MainDisplayedRateTableViewCell.xib */ = {isa = PBXFileReference; lastKnownFileType = file.xib; path = MainDisplayedRateTableViewCell.xib; sourceTree = "<group>"; };
/* End PBXFileReference section */

/* Begin PBXFrameworksBuildPhase section */
		D4D51E6321EF3D5C00F934F9 /* Frameworks */ = {
			isa = PBXFrameworksBuildPhase;
			buildActionMask = 2147483647;
			files = (
			);
			runOnlyForDeploymentPostprocessing = 0;
		};
		D4D51E7721EF3D5F00F934F9 /* Frameworks */ = {
			isa = PBXFrameworksBuildPhase;
			buildActionMask = 2147483647;
			files = (
			);
			runOnlyForDeploymentPostprocessing = 0;
		};
/* End PBXFrameworksBuildPhase section */

/* Begin PBXGroup section */
		D4073EF521F249300055916C /* Detail Scene */ = {
			isa = PBXGroup;
			children = (
			);
			path = "Detail Scene";
			sourceTree = "<group>";
		};
		D4D51E5D21EF3D5C00F934F9 = {
			isa = PBXGroup;
			children = (
				D4D51E6821EF3D5C00F934F9 /* CurrencyApp */,
				D4D51E7D21EF3D5F00F934F9 /* CurrencyAppTests */,
				D4D51E6721EF3D5C00F934F9 /* Products */,
			);
			sourceTree = "<group>";
		};
		D4D51E6721EF3D5C00F934F9 /* Products */ = {
			isa = PBXGroup;
			children = (
				D4D51E6621EF3D5C00F934F9 /* CurrencyApp.app */,
				D4D51E7A21EF3D5F00F934F9 /* CurrencyAppTests.xctest */,
			);
			name = Products;
			sourceTree = "<group>";
		};
		D4D51E6821EF3D5C00F934F9 /* CurrencyApp */ = {
			isa = PBXGroup;
			children = (
				D4D51E8A21EF3D8F00F934F9 /* Interface */,
				D4D51E8921EF3D8500F934F9 /* Infrastructure */,
			);
			path = CurrencyApp;
			sourceTree = "<group>";
		};
		D4D51E7D21EF3D5F00F934F9 /* CurrencyAppTests */ = {
			isa = PBXGroup;
			children = (
				D4D51E7E21EF3D5F00F934F9 /* CurrencyAppTests.swift */,
				D4D51E9221EF713700F934F9 /* Model Tests */,
				D4D51E8021EF3D5F00F934F9 /* Info.plist */,
			);
			path = CurrencyAppTests;
			sourceTree = "<group>";
		};
		D4D51E8921EF3D8500F934F9 /* Infrastructure */ = {
			isa = PBXGroup;
			children = (
				D4D51EA421EF825300F934F9 /* Stores */,
				D4D51E9521EF77D000F934F9 /* Utils */,
				D4D51E8D21EF3DD900F934F9 /* Model */,
				D4D51E8C21EF3DD000F934F9 /* Network */,
				D4D51E6921EF3D5C00F934F9 /* AppDelegate.swift */,
				D4D51E8B21EF3D9900F934F9 /* Supporting files */,
				D4D51E9821EF7D6600F934F9 /* Application.swift */,
			);
			path = Infrastructure;
			sourceTree = "<group>";
		};
		D4D51E8A21EF3D8F00F934F9 /* Interface */ = {
			isa = PBXGroup;
			children = (
				D4D51E9A21EF7D7700F934F9 /* Scenes */,
			);
			path = Interface;
			sourceTree = "<group>";
		};
		D4D51E8B21EF3D9900F934F9 /* Supporting files */ = {
			isa = PBXGroup;
			children = (
				D4D51E7521EF3D5F00F934F9 /* Info.plist */,
				D4D51E7021EF3D5F00F934F9 /* Assets.xcassets */,
				D4D51E7221EF3D5F00F934F9 /* LaunchScreen.storyboard */,
			);
			path = "Supporting files";
			sourceTree = "<group>";
		};
		D4D51E8C21EF3DD000F934F9 /* Network */ = {
			isa = PBXGroup;
			children = (
			);
			path = Network;
			sourceTree = "<group>";
		};
		D4D51E8D21EF3DD900F934F9 /* Model */ = {
			isa = PBXGroup;
			children = (
				D4D51E8E21EF413700F934F9 /* BPI.swift */,
				D4D51E9021EF503C00F934F9 /* Currency.swift */,
			);
			path = Model;
			sourceTree = "<group>";
		};
		D4D51E9221EF713700F934F9 /* Model Tests */ = {
			isa = PBXGroup;
			children = (
				D4D51E9321EF715500F934F9 /* ModelTests.swift */,
			);
			name = "Model Tests";
			sourceTree = "<group>";
		};
		D4D51E9521EF77D000F934F9 /* Utils */ = {
			isa = PBXGroup;
			children = (
				D4D51E9621EF77E200F934F9 /* Date+Utils.swift */,
			);
			path = Utils;
			sourceTree = "<group>";
		};
		D4D51E9A21EF7D7700F934F9 /* Scenes */ = {
			isa = PBXGroup;
			children = (
				D4073EF521F249300055916C /* Detail Scene */,
				D4D51E9B21EF7D7C00F934F9 /* Main Scene */,
			);
			path = Scenes;
			sourceTree = "<group>";
		};
		D4D51E9B21EF7D7C00F934F9 /* Main Scene */ = {
			isa = PBXGroup;
			children = (
				D4D51E9C21EF7D9800F934F9 /* MainViewController.swift */,
				D4D51E9D21EF7D9800F934F9 /* MainViewController.xib */,
				D4D51EA021EF7E4D00F934F9 /* MainPresenter.swift */,
				D4D51EA221EF817F00F934F9 /* MainWorker.swift */,
				D4D51EAE21EF868900F934F9 /* MainModels.swift */,
				D4D51EB021EF8BF600F934F9 /* MainDisplayedRateTableViewCell.swift */,
				D4D51EB121EF8BF600F934F9 /* MainDisplayedRateTableViewCell.xib */,
			);
			path = "Main Scene";
			sourceTree = "<group>";
		};
		D4D51EA421EF825300F934F9 /* Stores */ = {
			isa = PBXGroup;
			children = (
				D4D51EA921EF82B400F934F9 /* CurrencyStoreProtocol.swift */,
				D4D51EA621EF827700F934F9 /* Mock */,
			);
			path = Stores;
			sourceTree = "<group>";
		};
		D4D51EA621EF827700F934F9 /* Mock */ = {
			isa = PBXGroup;
			children = (
				D4D51EA721EF828A00F934F9 /* CurrencyMockStore.swift */,
			);
			path = Mock;
			sourceTree = "<group>";
		};
/* End PBXGroup section */

/* Begin PBXNativeTarget section */
		D4D51E6521EF3D5C00F934F9 /* CurrencyApp */ = {
			isa = PBXNativeTarget;
			buildConfigurationList = D4D51E8321EF3D5F00F934F9 /* Build configuration list for PBXNativeTarget "CurrencyApp" */;
			buildPhases = (
				D4D51E6221EF3D5C00F934F9 /* Sources */,
				D4D51E6321EF3D5C00F934F9 /* Frameworks */,
				D4D51E6421EF3D5C00F934F9 /* Resources */,
			);
			buildRules = (
			);
			dependencies = (
			);
			name = CurrencyApp;
			productName = CurrencyApp;
			productReference = D4D51E6621EF3D5C00F934F9 /* CurrencyApp.app */;
			productType = "com.apple.product-type.application";
		};
		D4D51E7921EF3D5F00F934F9 /* CurrencyAppTests */ = {
			isa = PBXNativeTarget;
			buildConfigurationList = D4D51E8621EF3D5F00F934F9 /* Build configuration list for PBXNativeTarget "CurrencyAppTests" */;
			buildPhases = (
				D4D51E7621EF3D5F00F934F9 /* Sources */,
				D4D51E7721EF3D5F00F934F9 /* Frameworks */,
				D4D51E7821EF3D5F00F934F9 /* Resources */,
			);
			buildRules = (
			);
			dependencies = (
				D4D51E7C21EF3D5F00F934F9 /* PBXTargetDependency */,
			);
			name = CurrencyAppTests;
			productName = CurrencyAppTests;
			productReference = D4D51E7A21EF3D5F00F934F9 /* CurrencyAppTests.xctest */;
			productType = "com.apple.product-type.bundle.unit-test";
		};
/* End PBXNativeTarget section */

/* Begin PBXProject section */
		D4D51E5E21EF3D5C00F934F9 /* Project object */ = {
			isa = PBXProject;
			attributes = {
				LastSwiftUpdateCheck = 1010;
				LastUpgradeCheck = 1010;
				ORGANIZATIONNAME = polenoso;
				TargetAttributes = {
					D4D51E6521EF3D5C00F934F9 = {
						CreatedOnToolsVersion = 10.1;
					};
					D4D51E7921EF3D5F00F934F9 = {
						CreatedOnToolsVersion = 10.1;
						TestTargetID = D4D51E6521EF3D5C00F934F9;
					};
				};
			};
			buildConfigurationList = D4D51E6121EF3D5C00F934F9 /* Build configuration list for PBXProject "CurrencyApp" */;
			compatibilityVersion = "Xcode 9.3";
			developmentRegion = en;
			hasScannedForEncodings = 0;
			knownRegions = (
				en,
				Base,
			);
			mainGroup = D4D51E5D21EF3D5C00F934F9;
			productRefGroup = D4D51E6721EF3D5C00F934F9 /* Products */;
			projectDirPath = "";
			projectRoot = "";
			targets = (
				D4D51E6521EF3D5C00F934F9 /* CurrencyApp */,
				D4D51E7921EF3D5F00F934F9 /* CurrencyAppTests */,
			);
		};
/* End PBXProject section */

/* Begin PBXResourcesBuildPhase section */
		D4D51E6421EF3D5C00F934F9 /* Resources */ = {
			isa = PBXResourcesBuildPhase;
			buildActionMask = 2147483647;
			files = (
				D4D51E7421EF3D5F00F934F9 /* LaunchScreen.storyboard in Resources */,
				D4D51E9F21EF7D9800F934F9 /* MainViewController.xib in Resources */,
				D4D51EB321EF8BF600F934F9 /* MainDisplayedRateTableViewCell.xib in Resources */,
				D4D51E7121EF3D5F00F934F9 /* Assets.xcassets in Resources */,
			);
			runOnlyForDeploymentPostprocessing = 0;
		};
		D4D51E7821EF3D5F00F934F9 /* Resources */ = {
			isa = PBXResourcesBuildPhase;
			buildActionMask = 2147483647;
			files = (
			);
			runOnlyForDeploymentPostprocessing = 0;
		};
/* End PBXResourcesBuildPhase section */

/* Begin PBXSourcesBuildPhase section */
		D4D51E6221EF3D5C00F934F9 /* Sources */ = {
			isa = PBXSourcesBuildPhase;
			buildActionMask = 2147483647;
			files = (
				D4D51EAA21EF82B400F934F9 /* CurrencyStoreProtocol.swift in Sources */,
				D4D51E9921EF7D6600F934F9 /* Application.swift in Sources */,
				D4D51EB221EF8BF600F934F9 /* MainDisplayedRateTableViewCell.swift in Sources */,
				D4D51E9121EF503C00F934F9 /* Currency.swift in Sources */,
				D4D51EA821EF828A00F934F9 /* CurrencyMockStore.swift in Sources */,
				D4D51EA321EF817F00F934F9 /* MainWorker.swift in Sources */,
				D4D51E9721EF77E200F934F9 /* Date+Utils.swift in Sources */,
				D4D51E9E21EF7D9800F934F9 /* MainViewController.swift in Sources */,
				D4D51E6A21EF3D5C00F934F9 /* AppDelegate.swift in Sources */,
				D4D51EA121EF7E4D00F934F9 /* MainPresenter.swift in Sources */,
				D4D51EAF21EF868900F934F9 /* MainModels.swift in Sources */,
				D4D51E8F21EF413700F934F9 /* BPI.swift in Sources */,
			);
			runOnlyForDeploymentPostprocessing = 0;
		};
		D4D51E7621EF3D5F00F934F9 /* Sources */ = {
			isa = PBXSourcesBuildPhase;
			buildActionMask = 2147483647;
			files = (
				D4D51E7F21EF3D5F00F934F9 /* CurrencyAppTests.swift in Sources */,
				D4D51E9421EF715500F934F9 /* ModelTests.swift in Sources */,
			);
			runOnlyForDeploymentPostprocessing = 0;
		};
/* End PBXSourcesBuildPhase section */

/* Begin PBXTargetDependency section */
		D4D51E7C21EF3D5F00F934F9 /* PBXTargetDependency */ = {
			isa = PBXTargetDependency;
			target = D4D51E6521EF3D5C00F934F9 /* CurrencyApp */;
			targetProxy = D4D51E7B21EF3D5F00F934F9 /* PBXContainerItemProxy */;
		};
/* End PBXTargetDependency section */

/* Begin PBXVariantGroup section */
		D4D51E7221EF3D5F00F934F9 /* LaunchScreen.storyboard */ = {
			isa = PBXVariantGroup;
			children = (
				D4D51E7321EF3D5F00F934F9 /* Base */,
			);
			name = LaunchScreen.storyboard;
			sourceTree = "<group>";
		};
/* End PBXVariantGroup section */

/* Begin XCBuildConfiguration section */
		D4D51E8121EF3D5F00F934F9 /* Debug */ = {
			isa = XCBuildConfiguration;
			buildSettings = {
				ALWAYS_SEARCH_USER_PATHS = NO;
				CLANG_ANALYZER_NONNULL = YES;
				CLANG_ANALYZER_NUMBER_OBJECT_CONVERSION = YES_AGGRESSIVE;
				CLANG_CXX_LANGUAGE_STANDARD = "gnu++14";
				CLANG_CXX_LIBRARY = "libc++";
				CLANG_ENABLE_MODULES = YES;
				CLANG_ENABLE_OBJC_ARC = YES;
				CLANG_ENABLE_OBJC_WEAK = YES;
				CLANG_WARN_BLOCK_CAPTURE_AUTORELEASING = YES;
				CLANG_WARN_BOOL_CONVERSION = YES;
				CLANG_WARN_COMMA = YES;
				CLANG_WARN_CONSTANT_CONVERSION = YES;
				CLANG_WARN_DEPRECATED_OBJC_IMPLEMENTATIONS = YES;
				CLANG_WARN_DIRECT_OBJC_ISA_USAGE = YES_ERROR;
				CLANG_WARN_DOCUMENTATION_COMMENTS = YES;
				CLANG_WARN_EMPTY_BODY = YES;
				CLANG_WARN_ENUM_CONVERSION = YES;
				CLANG_WARN_INFINITE_RECURSION = YES;
				CLANG_WARN_INT_CONVERSION = YES;
				CLANG_WARN_NON_LITERAL_NULL_CONVERSION = YES;
				CLANG_WARN_OBJC_IMPLICIT_RETAIN_SELF = YES;
				CLANG_WARN_OBJC_LITERAL_CONVERSION = YES;
				CLANG_WARN_OBJC_ROOT_CLASS = YES_ERROR;
				CLANG_WARN_RANGE_LOOP_ANALYSIS = YES;
				CLANG_WARN_STRICT_PROTOTYPES = YES;
				CLANG_WARN_SUSPICIOUS_MOVE = YES;
				CLANG_WARN_UNGUARDED_AVAILABILITY = YES_AGGRESSIVE;
				CLANG_WARN_UNREACHABLE_CODE = YES;
				CLANG_WARN__DUPLICATE_METHOD_MATCH = YES;
				CODE_SIGN_IDENTITY = "iPhone Developer";
				COPY_PHASE_STRIP = NO;
				DEBUG_INFORMATION_FORMAT = dwarf;
				ENABLE_STRICT_OBJC_MSGSEND = YES;
				ENABLE_TESTABILITY = YES;
				GCC_C_LANGUAGE_STANDARD = gnu11;
				GCC_DYNAMIC_NO_PIC = NO;
				GCC_NO_COMMON_BLOCKS = YES;
				GCC_OPTIMIZATION_LEVEL = 0;
				GCC_PREPROCESSOR_DEFINITIONS = (
					"DEBUG=1",
					"$(inherited)",
				);
				GCC_WARN_64_TO_32_BIT_CONVERSION = YES;
				GCC_WARN_ABOUT_RETURN_TYPE = YES_ERROR;
				GCC_WARN_UNDECLARED_SELECTOR = YES;
				GCC_WARN_UNINITIALIZED_AUTOS = YES_AGGRESSIVE;
				GCC_WARN_UNUSED_FUNCTION = YES;
				GCC_WARN_UNUSED_VARIABLE = YES;
				IPHONEOS_DEPLOYMENT_TARGET = 12.1;
				MTL_ENABLE_DEBUG_INFO = INCLUDE_SOURCE;
				MTL_FAST_MATH = YES;
				ONLY_ACTIVE_ARCH = YES;
				SDKROOT = iphoneos;
				SWIFT_ACTIVE_COMPILATION_CONDITIONS = DEBUG;
				SWIFT_OPTIMIZATION_LEVEL = "-Onone";
			};
			name = Debug;
		};
		D4D51E8221EF3D5F00F934F9 /* Release */ = {
			isa = XCBuildConfiguration;
			buildSettings = {
				ALWAYS_SEARCH_USER_PATHS = NO;
				CLANG_ANALYZER_NONNULL = YES;
				CLANG_ANALYZER_NUMBER_OBJECT_CONVERSION = YES_AGGRESSIVE;
				CLANG_CXX_LANGUAGE_STANDARD = "gnu++14";
				CLANG_CXX_LIBRARY = "libc++";
				CLANG_ENABLE_MODULES = YES;
				CLANG_ENABLE_OBJC_ARC = YES;
				CLANG_ENABLE_OBJC_WEAK = YES;
				CLANG_WARN_BLOCK_CAPTURE_AUTORELEASING = YES;
				CLANG_WARN_BOOL_CONVERSION = YES;
				CLANG_WARN_COMMA = YES;
				CLANG_WARN_CONSTANT_CONVERSION = YES;
				CLANG_WARN_DEPRECATED_OBJC_IMPLEMENTATIONS = YES;
				CLANG_WARN_DIRECT_OBJC_ISA_USAGE = YES_ERROR;
				CLANG_WARN_DOCUMENTATION_COMMENTS = YES;
				CLANG_WARN_EMPTY_BODY = YES;
				CLANG_WARN_ENUM_CONVERSION = YES;
				CLANG_WARN_INFINITE_RECURSION = YES;
				CLANG_WARN_INT_CONVERSION = YES;
				CLANG_WARN_NON_LITERAL_NULL_CONVERSION = YES;
				CLANG_WARN_OBJC_IMPLICIT_RETAIN_SELF = YES;
				CLANG_WARN_OBJC_LITERAL_CONVERSION = YES;
				CLANG_WARN_OBJC_ROOT_CLASS = YES_ERROR;
				CLANG_WARN_RANGE_LOOP_ANALYSIS = YES;
				CLANG_WARN_STRICT_PROTOTYPES = YES;
				CLANG_WARN_SUSPICIOUS_MOVE = YES;
				CLANG_WARN_UNGUARDED_AVAILABILITY = YES_AGGRESSIVE;
				CLANG_WARN_UNREACHABLE_CODE = YES;
				CLANG_WARN__DUPLICATE_METHOD_MATCH = YES;
				CODE_SIGN_IDENTITY = "iPhone Developer";
				COPY_PHASE_STRIP = NO;
				DEBUG_INFORMATION_FORMAT = "dwarf-with-dsym";
				ENABLE_NS_ASSERTIONS = NO;
				ENABLE_STRICT_OBJC_MSGSEND = YES;
				GCC_C_LANGUAGE_STANDARD = gnu11;
				GCC_NO_COMMON_BLOCKS = YES;
				GCC_WARN_64_TO_32_BIT_CONVERSION = YES;
				GCC_WARN_ABOUT_RETURN_TYPE = YES_ERROR;
				GCC_WARN_UNDECLARED_SELECTOR = YES;
				GCC_WARN_UNINITIALIZED_AUTOS = YES_AGGRESSIVE;
				GCC_WARN_UNUSED_FUNCTION = YES;
				GCC_WARN_UNUSED_VARIABLE = YES;
				IPHONEOS_DEPLOYMENT_TARGET = 12.1;
				MTL_ENABLE_DEBUG_INFO = NO;
				MTL_FAST_MATH = YES;
				SDKROOT = iphoneos;
				SWIFT_COMPILATION_MODE = wholemodule;
				SWIFT_OPTIMIZATION_LEVEL = "-O";
				VALIDATE_PRODUCT = YES;
			};
			name = Release;
		};
		D4D51E8421EF3D5F00F934F9 /* Debug */ = {
			isa = XCBuildConfiguration;
			buildSettings = {
				ASSETCATALOG_COMPILER_APPICON_NAME = AppIcon;
				CODE_SIGN_STYLE = Automatic;
				DEVELOPMENT_TEAM = 7869RL4K98;
				INFOPLIST_FILE = "$(SRCROOT)/CurrencyApp/Infrastructure/Supporting files/Info.plist";
				LD_RUNPATH_SEARCH_PATHS = (
					"$(inherited)",
					"@executable_path/Frameworks",
				);
				PRODUCT_BUNDLE_IDENTIFIER = com.polenoso.CurrencyApp;
				PRODUCT_NAME = "$(TARGET_NAME)";
				SWIFT_VERSION = 4.2;
				TARGETED_DEVICE_FAMILY = "1,2";
			};
			name = Debug;
		};
		D4D51E8521EF3D5F00F934F9 /* Release */ = {
			isa = XCBuildConfiguration;
			buildSettings = {
				ASSETCATALOG_COMPILER_APPICON_NAME = AppIcon;
				CODE_SIGN_STYLE = Automatic;
				DEVELOPMENT_TEAM = 7869RL4K98;
				INFOPLIST_FILE = "$(SRCROOT)/CurrencyApp/Infrastructure/Supporting files/Info.plist";
				LD_RUNPATH_SEARCH_PATHS = (
					"$(inherited)",
					"@executable_path/Frameworks",
				);
				PRODUCT_BUNDLE_IDENTIFIER = com.polenoso.CurrencyApp;
				PRODUCT_NAME = "$(TARGET_NAME)";
				SWIFT_VERSION = 4.2;
				TARGETED_DEVICE_FAMILY = "1,2";
			};
			name = Release;
		};
		D4D51E8721EF3D5F00F934F9 /* Debug */ = {
			isa = XCBuildConfiguration;
			buildSettings = {
				ALWAYS_EMBED_SWIFT_STANDARD_LIBRARIES = YES;
				BUNDLE_LOADER = "$(TEST_HOST)";
				CODE_SIGN_STYLE = Automatic;
				DEVELOPMENT_TEAM = 7869RL4K98;
				INFOPLIST_FILE = CurrencyAppTests/Info.plist;
				LD_RUNPATH_SEARCH_PATHS = (
					"$(inherited)",
					"@executable_path/Frameworks",
					"@loader_path/Frameworks",
				);
				PRODUCT_BUNDLE_IDENTIFIER = com.polenoso.CurrencyAppTests;
				PRODUCT_NAME = "$(TARGET_NAME)";
				SWIFT_VERSION = 4.2;
				TARGETED_DEVICE_FAMILY = "1,2";
				TEST_HOST = "$(BUILT_PRODUCTS_DIR)/CurrencyApp.app/CurrencyApp";
			};
			name = Debug;
		};
		D4D51E8821EF3D5F00F934F9 /* Release */ = {
			isa = XCBuildConfiguration;
			buildSettings = {
				ALWAYS_EMBED_SWIFT_STANDARD_LIBRARIES = YES;
				BUNDLE_LOADER = "$(TEST_HOST)";
				CODE_SIGN_STYLE = Automatic;
				DEVELOPMENT_TEAM = 7869RL4K98;
				INFOPLIST_FILE = CurrencyAppTests/Info.plist;
				LD_RUNPATH_SEARCH_PATHS = (
					"$(inherited)",
					"@executable_path/Frameworks",
					"@loader_path/Frameworks",
				);
				PRODUCT_BUNDLE_IDENTIFIER = com.polenoso.CurrencyAppTests;
				PRODUCT_NAME = "$(TARGET_NAME)";
				SWIFT_VERSION = 4.2;
				TARGETED_DEVICE_FAMILY = "1,2";
				TEST_HOST = "$(BUILT_PRODUCTS_DIR)/CurrencyApp.app/CurrencyApp";
			};
			name = Release;
		};
/* End XCBuildConfiguration section */

/* Begin XCConfigurationList section */
		D4D51E6121EF3D5C00F934F9 /* Build configuration list for PBXProject "CurrencyApp" */ = {
			isa = XCConfigurationList;
			buildConfigurations = (
				D4D51E8121EF3D5F00F934F9 /* Debug */,
				D4D51E8221EF3D5F00F934F9 /* Release */,
			);
			defaultConfigurationIsVisible = 0;
			defaultConfigurationName = Release;
		};
		D4D51E8321EF3D5F00F934F9 /* Build configuration list for PBXNativeTarget "CurrencyApp" */ = {
			isa = XCConfigurationList;
			buildConfigurations = (
				D4D51E8421EF3D5F00F934F9 /* Debug */,
				D4D51E8521EF3D5F00F934F9 /* Release */,
			);
			defaultConfigurationIsVisible = 0;
			defaultConfigurationName = Release;
		};
		D4D51E8621EF3D5F00F934F9 /* Build configuration list for PBXNativeTarget "CurrencyAppTests" */ = {
			isa = XCConfigurationList;
			buildConfigurations = (
				D4D51E8721EF3D5F00F934F9 /* Debug */,
				D4D51E8821EF3D5F00F934F9 /* Release */,
			);
			defaultConfigurationIsVisible = 0;
			defaultConfigurationName = Release;
		};
/* End XCConfigurationList section */
	};
	rootObject = D4D51E5E21EF3D5C00F934F9 /* Project object */;
}
